
Microsoft Visual Studio Solution File, Format Version 12.00
# Visual Studio Version 17
VisualStudioVersion = 17.7.34018.315
MinimumVisualStudioVersion = 10.0.40219.1
Project("{FAE04EC0-301F-11D3-BF4B-00C04F79EFBC}") = "Thread_lock_hw", "Thread_lock_hw\Thread_lock_hw.csproj", "{360F2CE9-4E9F-4A53-AA40-6606BD6BC465}"
EndProject
Global
	GlobalSection(SolutionConfigurationPlatforms) = preSolution
		Debug|Any CPU = Debug|Any CPU
		Release|Any CPU = Release|Any CPU
	EndGlobalSection
	GlobalSection(ProjectConfigurationPlatforms) = postSolution
		{360F2CE9-4E9F-4A53-AA40-6606BD6BC465}.Debug|Any CPU.ActiveCfg = Debug|Any CPU
		{360F2CE9-4E9F-4A53-AA40-6606BD6BC465}.Debug|Any CPU.Build.0 = Debug|Any CPU
		{360F2CE9-4E9F-4A53-AA40-6606BD6BC465}.Release|Any CPU.ActiveCfg = Release|Any CPU
		{360F2CE9-4E9F-4A53-AA40-6606BD6BC465}.Release|Any CPU.Build.0 = Release|Any CPU
	EndGlobalSection
	GlobalSection(SolutionProperties) = preSolution
		HideSolutionNode = FALSE
	EndGlobalSection
	GlobalSection(ExtensibilityGlobals) = postSolution
		SolutionGuid = {F1E54B80-55CC-4FEA-840C-FF2A5BFE2919}
	EndGlobalSection
EndGlobal
